
Microsoft Visual Studio Solution File, Format Version 12.00
# Visual Studio Version 16
VisualStudioVersion = 16.0.29806.167
MinimumVisualStudioVersion = 10.0.40219.1
Project("{9A19103F-16F7-4668-BE54-9A1E7A4F7556}") = "Dispatcher", "Dispatcher\Dispatcher.csproj", "{9CF377D6-FEC4-456C-BA73-4F4B7CB8FC51}"
EndProject
Project("{FAE04EC0-301F-11D3-BF4B-00C04F79EFBC}") = "Receiver", "Receiver\Receiver.csproj", "{6DAE3973-A6C7-4474-8C9D-7D604DB6BA53}"
EndProject
Global
	GlobalSection(SolutionConfigurationPlatforms) = preSolution
		Debug|Any CPU = Debug|Any CPU
		Release|Any CPU = Release|Any CPU
	EndGlobalSection
	GlobalSection(ProjectConfigurationPlatforms) = postSolution
		{9CF377D6-FEC4-456C-BA73-4F4B7CB8FC51}.Debug|Any CPU.ActiveCfg = Debug|Any CPU
		{9CF377D6-FEC4-456C-BA73-4F4B7CB8FC51}.Debug|Any CPU.Build.0 = Debug|Any CPU
		{9CF377D6-FEC4-456C-BA73-4F4B7CB8FC51}.Release|Any CPU.ActiveCfg = Release|Any CPU
		{9CF377D6-FEC4-456C-BA73-4F4B7CB8FC51}.Release|Any CPU.Build.0 = Release|Any CPU
		{6DAE3973-A6C7-4474-8C9D-7D604DB6BA53}.Debug|Any CPU.ActiveCfg = Debug|Any CPU
		{6DAE3973-A6C7-4474-8C9D-7D604DB6BA53}.Debug|Any CPU.Build.0 = Debug|Any CPU
		{6DAE3973-A6C7-4474-8C9D-7D604DB6BA53}.Release|Any CPU.ActiveCfg = Release|Any CPU
		{6DAE3973-A6C7-4474-8C9D-7D604DB6BA53}.Release|Any CPU.Build.0 = Release|Any CPU
	EndGlobalSection
	GlobalSection(SolutionProperties) = preSolution
		HideSolutionNode = FALSE
	EndGlobalSection
	GlobalSection(ExtensibilityGlobals) = postSolution
		SolutionGuid = {F41425A4-09A4-4714-A4D6-3EF459370DAC}
	EndGlobalSection
EndGlobal
